
Microsoft Visual Studio Solution File, Format Version 12.00
# Visual Studio 15
VisualStudioVersion = 15.0.28010.2003
MinimumVisualStudioVersion = 10.0.40219.1
Project("{FAE04EC0-301F-11D3-BF4B-00C04F79EFBC}") = "PetShop", "CompulsoryAssignment_PetShop\PetShop.csproj", "{721193E9-A494-4E80-82A8-D03B374BE020}"
EndProject
Project("{FAE04EC0-301F-11D3-BF4B-00C04F79EFBC}") = "PetShop.Core", "Core\PetShop.Core.csproj", "{13621700-AE7C-459C-926A-A2742A360327}"
EndProject
Project("{FAE04EC0-301F-11D3-BF4B-00C04F79EFBC}") = "PetShop.Core.Entity", "PetShop.Core.Entity\PetShop.Core.Entity.csproj", "{7A53E6B0-7293-477C-AB7E-12CC493CF886}"
EndProject
Project("{FAE04EC0-301F-11D3-BF4B-00C04F79EFBC}") = "PetShop.Infrastructure.Data", "PetShop.Infrastructure.Data\PetShop.Infrastructure.Data.csproj", "{CC6C6D7C-E881-4E24-8272-4E869B5BA422}"
EndProject
Global
	GlobalSection(SolutionConfigurationPlatforms) = preSolution
		Debug|Any CPU = Debug|Any CPU
		Release|Any CPU = Release|Any CPU
	EndGlobalSection
	GlobalSection(ProjectConfigurationPlatforms) = postSolution
		{721193E9-A494-4E80-82A8-D03B374BE020}.Debug|Any CPU.ActiveCfg = Debug|Any CPU
		{721193E9-A494-4E80-82A8-D03B374BE020}.Debug|Any CPU.Build.0 = Debug|Any CPU
		{721193E9-A494-4E80-82A8-D03B374BE020}.Release|Any CPU.ActiveCfg = Release|Any CPU
		{721193E9-A494-4E80-82A8-D03B374BE020}.Release|Any CPU.Build.0 = Release|Any CPU
		{13621700-AE7C-459C-926A-A2742A360327}.Debug|Any CPU.ActiveCfg = Debug|Any CPU
		{13621700-AE7C-459C-926A-A2742A360327}.Debug|Any CPU.Build.0 = Debug|Any CPU
		{13621700-AE7C-459C-926A-A2742A360327}.Release|Any CPU.ActiveCfg = Release|Any CPU
		{13621700-AE7C-459C-926A-A2742A360327}.Release|Any CPU.Build.0 = Release|Any CPU
		{7A53E6B0-7293-477C-AB7E-12CC493CF886}.Debug|Any CPU.ActiveCfg = Debug|Any CPU
		{7A53E6B0-7293-477C-AB7E-12CC493CF886}.Debug|Any CPU.Build.0 = Debug|Any CPU
		{7A53E6B0-7293-477C-AB7E-12CC493CF886}.Release|Any CPU.ActiveCfg = Release|Any CPU
		{7A53E6B0-7293-477C-AB7E-12CC493CF886}.Release|Any CPU.Build.0 = Release|Any CPU
		{CC6C6D7C-E881-4E24-8272-4E869B5BA422}.Debug|Any CPU.ActiveCfg = Debug|Any CPU
		{CC6C6D7C-E881-4E24-8272-4E869B5BA422}.Debug|Any CPU.Build.0 = Debug|Any CPU
		{CC6C6D7C-E881-4E24-8272-4E869B5BA422}.Release|Any CPU.ActiveCfg = Release|Any CPU
		{CC6C6D7C-E881-4E24-8272-4E869B5BA422}.Release|Any CPU.Build.0 = Release|Any CPU
	EndGlobalSection
	GlobalSection(SolutionProperties) = preSolution
		HideSolutionNode = FALSE
	EndGlobalSection
	GlobalSection(ExtensibilityGlobals) = postSolution
		SolutionGuid = {72941699-DD55-4E7F-A28A-3CC1D96A470A}
	EndGlobalSection
EndGlobal
